{
  "lockfileVersion": 1,
  "configVersion": 1,
  "workspaces": {
    "": {
      "name": "brydio-sdk",
      "devDependencies": {
        "@types/bun": "1.4.2",
        "typescript": "5.9.3",
      },
    },
    "packages/app": {
      "name": "@brydio/app",
      "version": "0.1.0-alpha.0",
      "dependencies": {
        "@brydio/manifest": "0.1.0-alpha.0",
        "@brydio/ui": "0.1.0-alpha.0",
        "@prefresh/core": "1.5.11",
        "preact": "10.29.8",
      },
    },
    "packages/cli": {
      "name": "@brydio/cli",
      "version": "0.1.0-alpha.0",
      "bin": {
        "brydio": "./bin/brydio.ts",
      },
      "dependencies": {
        "@brydio/manifest": "0.1.0-alpha.0",
        "@brydio/ui": "0.1.0-alpha.0",
        "typescript": "5.9.3",
      },
    },
    "packages/fake-host": {
      "name": "@brydio/fake-host",
      "version": "0.1.0-alpha.0",
      "dependencies": {
        "@brydio/cli": "0.1.0-alpha.0",
        "@brydio/manifest": "0.1.0-alpha.0",
        "@brydio/ui": "0.1.0-alpha.0",
        "zod": "4.6.2",
      },
      "devDependencies": {
        "@brydio/app": "0.1.0-alpha.0",
      },
    },
    "packages/manifest": {
      "name": "@brydio/manifest",
      "version": "0.1.0-alpha.0",
      "dependencies": {
        "zod": "4.6.2",
      },
    },
    "packages/ui": {
      "name": "@brydio/ui",
      "version": "0.1.0-alpha.0",
      "dependencies": {
        "lit": "3.3.3",
      },
      "devDependencies": {
        "@happy-dom/global-registrator": "20.14.0",
      },
    },
    "templates/plain": {
      "name": "brydio-template-plain",
      "version": "0.1.0",
      "dependencies": {
        "@brydio/app": "0.1.0-alpha.0",
      },
      "devDependencies": {
        "@brydio/cli": "0.1.0-alpha.0",
        "@brydio/fake-host": "0.1.0-alpha.0",
        "@brydio/manifest": "0.1.0-alpha.0",
        "@types/bun": "1.4.2",
        "typescript": "5.9.3",
      },
    },
    "templates/preact": {
      "name": "brydio-template-preact",
      "version": "0.1.0",
      "dependencies": {
        "@brydio/app": "0.1.0-alpha.0",
      },
      "devDependencies": {
        "@brydio/cli": "0.1.0-alpha.0",
        "@brydio/fake-host": "0.1.0-alpha.0",
        "@brydio/manifest": "0.1.0-alpha.0",
        "@types/bun": "1.4.2",
        "typescript": "5.9.3",
      },
    },
  },
  "packages": {
    "@brydio/app": ["@brydio/app@workspace:packages/app"],

    "@brydio/cli": ["@brydio/cli@workspace:packages/cli"],

    "@brydio/fake-host": ["@brydio/fake-host@workspace:packages/fake-host"],

    "@brydio/manifest": ["@brydio/manifest@workspace:packages/manifest"],

    "@brydio/ui": ["@brydio/ui@workspace:packages/ui"],

    "@happy-dom/global-registrator": ["@happy-dom/global-registrator@20.14.0", "", { "dependencies": { "@types/node": ">=20.0.0", "happy-dom": "^20.14.0" } }, "sha512-Xn0kdkaA1eHOaFFopr+YQ37sPNTZ3JScpUMz3j4rIsn1Nneqoh94z79iW23Ej0Ytt99+LlFr4JrSDd6ow9c7MQ=="],

    "@lit-labs/ssr-dom-shim": ["@lit-labs/ssr-dom-shim@1.6.0", "", {}, "sha512-VHb0ALPMTlgKjM6yIxxoQNnpKyUKLD04VzeQdsiXkMqkvYlAHxq9glGLmgbb889/1GsohSOAjvQYoiBppXFqrQ=="],

    "@lit/reactive-element": ["@lit/reactive-element@2.1.2", "", { "dependencies": { "@lit-labs/ssr-dom-shim": "^1.5.0" } }, "sha512-pbCDiVMnne1lYUIaYNN5wrwQXDtHaYtg7YEFPeW+hws6U47WeFvISGUWekPGKWOP1ygrs0ef0o1VJMk1exos5A=="],

    "@prefresh/core": ["@prefresh/core@1.5.11", "", { "peerDependencies": { "preact": "^10.0.0 || ^11.0.0-0" } }, "sha512-Ml00PP8jeHaADxfQqxUs4+M5JS+T5J26UnvPVfsrmlpGw2I3e9XtM0DMeuzkmvg+Tn7VdHSMpLBrDPG0iHoDqQ=="],

    "@types/bun": ["@types/bun@1.4.2", "", { "dependencies": { "bun-types": "1.4.2" } }, "sha512-GimotNn7+ZV0uVArItBbriZsR1oNf0+WTzPkdcFrzShI7k2norL0uzEaJT8T33dWr7O/c9ZDuAFQrctKCi72oQ=="],

    "@types/node": ["@types/node@22.20.2", "", { "dependencies": { "undici-types": "~6.21.0" } }, "sha512-xlvWf4Vs9n1PEVYwP1n4vvG07M6y8WgvJ2t0vbrWTmijsIHp1cS+uJ2kMIRdY3nHZK0nCYKrPeD171+SzF4/zw=="],

    "@types/trusted-types": ["@types/trusted-types@2.0.7", "", {}, "sha512-ScaPdn1dQczgbl0QFTeTOmVHFULt394XJgOQNoyVhZ6r2vLnMLJfBPd53SB52T/3G36VI1/g2MZaX0cwDuXsfw=="],

    "@types/whatwg-mimetype": ["@types/whatwg-mimetype@3.0.2", "", {}, "sha512-c2AKvDT8ToxLIOUlN51gTiHXflsfIFisS4pO7pDPoKouJCESkhZnEy623gwP9laCy5lnLDAw1vAzu2vM2YLOrA=="],

    "@types/ws": ["@types/ws@8.18.1", "", { "dependencies": { "@types/node": "*" } }, "sha512-ThVF6DCVhA8kUGy+aazFQ4kXQ7E1Ty7A3ypFOe0IcJV8O/M511G99AW24irKrW56Wt44yG9+ij8FaqoBGkuBXg=="],

    "brydio-template-plain": ["brydio-template-plain@workspace:templates/plain"],

    "brydio-template-preact": ["brydio-template-preact@workspace:templates/preact"],

    "buffer-image-size": ["buffer-image-size@0.6.4", "", { "dependencies": { "@types/node": "*" } }, "sha512-nEh+kZOPY1w+gcCMobZ6ETUp9WfibndnosbpwB1iJk/8Gt5ZF2bhS6+B6bPYz424KtwsR6Rflc3tCz1/ghX2dQ=="],

    "bun-types": ["bun-types@1.4.2", "", { "dependencies": { "@types/node": "*" } }, "sha512-bxV1FgK7yBIzjRe5zBozIM4Bem11ZJcCXSrjWRG3YWLt8yFDePu4cLjpebO8OvPeIE9trbyPF4fuj3Cia4Fj3w=="],

    "entities": ["entities@7.0.1", "", {}, "sha512-TWrgLOFUQTH994YUyl1yT4uyavY5nNB5muff+RtWaqNVCAK408b5ZnnbNAUEWLTCpum9w6arT70i1XdQ4UeOPA=="],

    "happy-dom": ["happy-dom@20.14.5", "", { "dependencies": { "@types/node": ">=20.0.0", "@types/whatwg-mimetype": "^3.0.2", "@types/ws": "^8.18.1", "buffer-image-size": "^0.6.4", "entities": "^7.0.1", "whatwg-mimetype": "^3.0.0", "ws": "^8.21.0" } }, "sha512-x/RzkpWO40bTjIoT30iQtt64FLLmH/iRcUCN2X//bLx7H3ifkdfPXyqsro/OYtqzIAhiLMMA7mmiOR9C3NOKjQ=="],

    "lit": ["lit@3.3.3", "", { "dependencies": { "@lit/reactive-element": "^2.1.0", "lit-element": "^4.2.0", "lit-html": "^3.3.0" } }, "sha512-fycuvZg/hkpozL00lm1pEJH5nN/lr9ZXd6mJI2HSN4+Bzc+LDNdEApJ6HFbPkdFNHLvOplIIuJvxkS4XUxqirw=="],

    "lit-element": ["lit-element@4.2.2", "", { "dependencies": { "@lit-labs/ssr-dom-shim": "^1.5.0", "@lit/reactive-element": "^2.1.0", "lit-html": "^3.3.0" } }, "sha512-aFKhNToWxoyhkNDmWZwEva2SlQia+jfG0fjIWV//YeTaWrVnOxD89dPKfigCUspXFmjzOEUQpOkejH5Ly6sG0w=="],

    "lit-html": ["lit-html@3.3.3", "", { "dependencies": { "@types/trusted-types": "^2.0.2" } }, "sha512-el8M6jK2o3RXBnrSHX3ZKrsN8zEV63pSExTO1wYJz7QndGYZ8353e2a5PPX+qHe2aGayfnchQmkAojaWAREOIA=="],

    "preact": ["preact@10.29.8", "", { "peerDependencies": { "preact-render-to-string": ">=5" }, "optionalPeers": ["preact-render-to-string"] }, "sha512-ej2aVZ+vZ8WO7tvlQWRM9N63A0KzF9q4mWJfDUHgYaIofWY9hu74QdnQrjoPMmZi2/nZ5gN0bJCQF49xQqx09Q=="],

    "typescript": ["typescript@5.9.3", "", { "bin": { "tsc": "bin/tsc", "tsserver": "bin/tsserver" } }, "sha512-jl1vZzPDinLr9eUt3J/t7V6FgNEw9QjvBPdysz9KfQDD41fQrC2Y4vKQdiaUpFT4bXlb1RHhLpp8wtm6M5TgSw=="],

    "undici-types": ["undici-types@6.21.0", "", {}, "sha512-iwDZqg0QAGrg9Rav5H4n0M64c3mkR59cJ6wQp+7C4nI0gsmExaedaYLNO44eT4AtBBwjbTiGPMlt2Md0T9H9JQ=="],

    "whatwg-mimetype": ["whatwg-mimetype@3.0.0", "", {}, "sha512-nt+N2dzIutVRxARx1nghPKGv1xHikU7HKdfafKkLNLindmPU/ch3U31NOCGGA/dmPcmb1VlofO0vnKAcsm0o/Q=="],

    "ws": ["ws@8.21.3", "", { "peerDependencies": { "bufferutil": "^4.0.1", "utf-8-validate": ">=5.0.2" }, "optionalPeers": ["bufferutil", "utf-8-validate"] }, "sha512-201TZ/kPWxoPr/OKWjquZR1SWKXcvxdH+e1xrx89b3YbmzLMFCLfnaG1HFIgWzJOEWZ7MvpK++odZufgYR50Rw=="],

    "zod": ["zod@4.6.2", "", {}, "sha512-lh5RCAGFa1Cm2hjtNwLQhSs/AsqdWnTQaBER9fEwN/88pSh7KOtJavtBx/0VlkN/uFd61SwYmljLMDAsHlvzBQ=="],
  }
}
