{
  "lockfileVersion": 1,
  "configVersion": 1,
  "workspaces": {
    "": {
      "name": "brydio-sdk",
      "devDependencies": {
        "@types/bun": "1.4.2",
        "typescript": "5.9.3",
      },
    },
    "packages/app": {
      "name": "@brydio/app",
      "version": "0.1.0-alpha.0",
      "dependencies": {
        "@brydio/manifest": "0.1.0-alpha.0",
        "@brydio/ui": "0.1.0-alpha.0",
        "@prefresh/core": "1.5.11",
        "preact": "10.29.8",
      },
    },
    "packages/cli": {
      "name": "@brydio/cli",
      "version": "0.1.0-alpha.0",
      "bin": {
        "brydio": "./bin/brydio.ts",
      },
      "dependencies": {
        "@brydio/manifest": "0.1.0-alpha.0",
        "@brydio/ui": "0.1.0-alpha.0",
        "typescript": "5.9.3",
      },
    },
    "packages/fake-host": {
      "name": "@brydio/fake-host",
      "version": "0.1.0-alpha.0",
      "dependencies": {
        "@brydio/cli": "0.1.0-alpha.0",
        "@brydio/manifest": "0.1.0-alpha.0",
        "@brydio/ui": "0.1.0-alpha.0",
        "zod": "4.6.2",
      },
      "devDependencies": {
        "@brydio/app": "0.1.0-alpha.0",
      },
    },
    "packages/manifest": {
      "name": "@brydio/manifest",
      "version": "0.1.0-alpha.0",
      "dependencies": {
        "zod": "4.6.2",
      },
    },
    "packages/ui": {
      "name": "@brydio/ui",
      "version": "0.1.0-alpha.0",
    },
    "templates/plain": {
      "name": "brydio-template-plain",
      "version": "0.1.0",
      "dependencies": {
        "@brydio/app": "0.1.0-alpha.0",
      },
      "devDependencies": {
        "@brydio/cli": "0.1.0-alpha.0",
        "@brydio/fake-host": "0.1.0-alpha.0",
        "@brydio/manifest": "0.1.0-alpha.0",
        "@types/bun": "1.4.2",
        "typescript": "5.9.3",
      },
    },
    "templates/preact": {
      "name": "brydio-template-preact",
      "version": "0.1.0",
      "dependencies": {
        "@brydio/app": "0.1.0-alpha.0",
      },
      "devDependencies": {
        "@brydio/cli": "0.1.0-alpha.0",
        "@brydio/fake-host": "0.1.0-alpha.0",
        "@brydio/manifest": "0.1.0-alpha.0",
        "@types/bun": "1.4.2",
        "typescript": "5.9.3",
      },
    },
  },
  "packages": {
    "@brydio/app": ["@brydio/app@workspace:packages/app"],

    "@brydio/cli": ["@brydio/cli@workspace:packages/cli"],

    "@brydio/fake-host": ["@brydio/fake-host@workspace:packages/fake-host"],

    "@brydio/manifest": ["@brydio/manifest@workspace:packages/manifest"],

    "@brydio/ui": ["@brydio/ui@workspace:packages/ui"],

    "@prefresh/core": ["@prefresh/core@1.5.11", "", { "peerDependencies": { "preact": "^10.0.0 || ^11.0.0-0" } }, "sha512-Ml00PP8jeHaADxfQqxUs4+M5JS+T5J26UnvPVfsrmlpGw2I3e9XtM0DMeuzkmvg+Tn7VdHSMpLBrDPG0iHoDqQ=="],

    "@types/bun": ["@types/bun@1.4.2", "", { "dependencies": { "bun-types": "1.4.2" } }, "sha512-GimotNn7+ZV0uVArItBbriZsR1oNf0+WTzPkdcFrzShI7k2norL0uzEaJT8T33dWr7O/c9ZDuAFQrctKCi72oQ=="],

    "@types/node": ["@types/node@22.20.2", "", { "dependencies": { "undici-types": "~6.21.0" } }, "sha512-xlvWf4Vs9n1PEVYwP1n4vvG07M6y8WgvJ2t0vbrWTmijsIHp1cS+uJ2kMIRdY3nHZK0nCYKrPeD171+SzF4/zw=="],

    "brydio-template-plain": ["brydio-template-plain@workspace:templates/plain"],

    "brydio-template-preact": ["brydio-template-preact@workspace:templates/preact"],

    "bun-types": ["bun-types@1.4.2", "", { "dependencies": { "@types/node": "*" } }, "sha512-bxV1FgK7yBIzjRe5zBozIM4Bem11ZJcCXSrjWRG3YWLt8yFDePu4cLjpebO8OvPeIE9trbyPF4fuj3Cia4Fj3w=="],

    "preact": ["preact@10.29.8", "", { "peerDependencies": { "preact-render-to-string": ">=5" }, "optionalPeers": ["preact-render-to-string"] }, "sha512-ej2aVZ+vZ8WO7tvlQWRM9N63A0KzF9q4mWJfDUHgYaIofWY9hu74QdnQrjoPMmZi2/nZ5gN0bJCQF49xQqx09Q=="],

    "typescript": ["typescript@5.9.3", "", { "bin": { "tsc": "bin/tsc", "tsserver": "bin/tsserver" } }, "sha512-jl1vZzPDinLr9eUt3J/t7V6FgNEw9QjvBPdysz9KfQDD41fQrC2Y4vKQdiaUpFT4bXlb1RHhLpp8wtm6M5TgSw=="],

    "undici-types": ["undici-types@6.21.0", "", {}, "sha512-iwDZqg0QAGrg9Rav5H4n0M64c3mkR59cJ6wQp+7C4nI0gsmExaedaYLNO44eT4AtBBwjbTiGPMlt2Md0T9H9JQ=="],

    "zod": ["zod@4.6.2", "", {}, "sha512-lh5RCAGFa1Cm2hjtNwLQhSs/AsqdWnTQaBER9fEwN/88pSh7KOtJavtBx/0VlkN/uFd61SwYmljLMDAsHlvzBQ=="],
  }
}
